
Microsoft Visual Studio Solution File, Format Version 12.00
# Visual Studio Version 17
VisualStudioVersion = 17.14.36623.8 d17.14
MinimumVisualStudioVersion = 10.0.40219.1
Project("{FAE04EC0-301F-11D3-BF4B-00C04F79EFBC}") = "UI_CSharp", "UI_CSharp\UI_CSharp.csproj", "{3CBA83F9-AC04-4043-B7A2-72C89E66F380}"
EndProject
Global
	GlobalSection(SolutionConfigurationPlatforms) = preSolution
		Debug|Any CPU = Debug|Any CPU
		Release|Any CPU = Release|Any CPU
	EndGlobalSection
	GlobalSection(ProjectConfigurationPlatforms) = postSolution
		{3CBA83F9-AC04-4043-B7A2-72C89E66F380}.Debug|Any CPU.ActiveCfg = Debug|Any CPU
		{3CBA83F9-AC04-4043-B7A2-72C89E66F380}.Debug|Any CPU.Build.0 = Debug|Any CPU
		{3CBA83F9-AC04-4043-B7A2-72C89E66F380}.Release|Any CPU.ActiveCfg = Release|Any CPU
		{3CBA83F9-AC04-4043-B7A2-72C89E66F380}.Release|Any CPU.Build.0 = Release|Any CPU
	EndGlobalSection
	GlobalSection(SolutionProperties) = preSolution
		HideSolutionNode = FALSE
	EndGlobalSection
	GlobalSection(ExtensibilityGlobals) = postSolution
		SolutionGuid = {55A5D450-2C4F-4F97-9261-DD283C36C0B2}
	EndGlobalSection
EndGlobal
